<Solution>
  <Folder Name="/Solution Items/">
    <File Path="docker-compose.yml" />
    <File Path="README.md" />
  </Folder>
  <Folder Name="/src/" />
  <Folder Name="/src/Consolidation/">
    <Project Path="Consolidation/Consolidation.Api/Consolidation.Api.csproj" Id="665c4045-ce69-4676-acbd-506c16d8e95b" />
    <Project Path="Consolidation/Consolidation.Application/Consolidation.Application.csproj" Id="3ffd5a13-5471-475a-9229-d28c6765d820" />
    <Project Path="Consolidation/Consolidation.Domain/Consolidation.Domain.csproj" Id="f5f764e5-6e16-4f73-b5be-c27974b88d6e" />
    <Project Path="Consolidation/Consolidation.Infrastructure/Consolidation.Infrastructure.csproj" Id="01da54c7-ed30-4b9a-ba27-62e46692b7fd" />
    <Project Path="Consolidation/Consolidation.Worker/Consolidation.Worker.csproj" Id="feae2214-2e0d-456e-bc7b-4ca0d5a86f26" />
  </Folder>
  <Folder Name="/src/Shared/">
    <Project Path="Shared/Shared/Shared.csproj" Id="50821a32-1796-4ccc-85bf-e7b563e0c09e" />
  </Folder>
  <Folder Name="/src/Transactions/">
    <Project Path="Transactions/Transactions.Api/Transactions.Api.csproj" />
    <Project Path="Transactions/Transactions.Application/Transactions.Application.csproj" Id="467f7c4b-0c04-4146-adda-6713f94d5978" />
    <Project Path="Transactions/Transactions.Domain/Transactions.Domain.csproj" />
    <Project Path="Transactions/Transactions.Infrastructure/Transactions.Infrastructure.csproj" Id="d701b612-2ea1-4378-9059-986bf78ea5f3" />
  </Folder>
  <Folder Name="/tests/">
    <Project Path="ConsolidationTests/ConsolidationTests.csproj" Id="156a96b5-dded-488e-b3e8-2b1d9ca5045d" />
    <Project Path="Transactions/TransactionTests/TransactionTests.csproj" Id="364c3ab6-2249-41da-a6b5-4ec0e3afb284" />
  </Folder>
</Solution>
